{
  "originHash" : "e5425b405e870a9ec538883ccab39d3e06471e78b6caa417e2eb763c54ce9ee6",
  "pins" : [
    {
      "identity" : "swift-mcp-kit",
      "kind" : "remoteSourceControl",
      "location" : "https://github.com/mgcrea/swift-mcp-kit.git",
      "state" : {
        "revision" : "774f1eddc0c75873fb2dc75b3d98903d2dbca55c",
        "version" : "1.2.0"
      }
    },
    {
      "identity" : "swift-support-kit",
      "kind" : "remoteSourceControl",
      "location" : "https://github.com/mgcrea/swift-support-kit.git",
      "state" : {
        "revision" : "d3d1e1c01417efd66c3bcf92b316ae3637e607ee",
        "version" : "1.20.1"
      }
    }
  ],
  "version" : 3
}
