{
  "originHash" : "08845cb10c051a5d803fb1687fa67a30560033224ebef31761f72240f9babdaa",
  "pins" : [
    {
      "identity" : "swift-support-kit",
      "kind" : "remoteSourceControl",
      "location" : "https://github.com/mgcrea/swift-support-kit.git",
      "state" : {
        "revision" : "d3d1e1c01417efd66c3bcf92b316ae3637e607ee",
        "version" : "1.20.1"
      }
    }
  ],
  "version" : 3
}
